
Microsoft Visual Studio Solution File, Format Version 12.00
# Visual Studio Version 17
VisualStudioVersion = 17.11.35208.52
MinimumVisualStudioVersion = 10.0.40219.1
Project("{9A19103F-16F7-4668-BE54-9A1E7A4F7556}") = "BoreholeAPI", "BoreholeAPI\BoreholeAPI.csproj", "{5E93E087-9201-44D1-BA2B-EEF2B370AF90}"
EndProject
Project("{9A19103F-16F7-4668-BE54-9A1E7A4F7556}") = "BoreholeData", "BoreholeData\BoreholeData.csproj", "{D3CE825D-43F7-42FF-B67A-690C3FA1D65B}"
EndProject
Project("{9A19103F-16F7-4668-BE54-9A1E7A4F7556}") = "BoreholeTesting", "BoreholeTesting\BoreholeTesting.csproj", "{31239E28-3874-4855-84D5-4A59513218FA}"
	ProjectSection(ProjectDependencies) = postProject
		{D3CE825D-43F7-42FF-B67A-690C3FA1D65B} = {D3CE825D-43F7-42FF-B67A-690C3FA1D65B}
	EndProjectSection
EndProject
Project("{FAE04EC0-301F-11D3-BF4B-00C04F79EFBC}") = "BoreholeMVCUI", "BoreholeMVCUI\BoreholeMVCUI.csproj", "{6956EA37-77A7-443C-9768-35E63F39205F}"
EndProject
Global
	GlobalSection(SolutionConfigurationPlatforms) = preSolution
		Debug|Any CPU = Debug|Any CPU
		Release|Any CPU = Release|Any CPU
	EndGlobalSection
	GlobalSection(ProjectConfigurationPlatforms) = postSolution
		{5E93E087-9201-44D1-BA2B-EEF2B370AF90}.Debug|Any CPU.ActiveCfg = Debug|Any CPU
		{5E93E087-9201-44D1-BA2B-EEF2B370AF90}.Debug|Any CPU.Build.0 = Debug|Any CPU
		{5E93E087-9201-44D1-BA2B-EEF2B370AF90}.Release|Any CPU.ActiveCfg = Release|Any CPU
		{5E93E087-9201-44D1-BA2B-EEF2B370AF90}.Release|Any CPU.Build.0 = Release|Any CPU
		{D3CE825D-43F7-42FF-B67A-690C3FA1D65B}.Debug|Any CPU.ActiveCfg = Debug|Any CPU
		{D3CE825D-43F7-42FF-B67A-690C3FA1D65B}.Debug|Any CPU.Build.0 = Debug|Any CPU
		{D3CE825D-43F7-42FF-B67A-690C3FA1D65B}.Release|Any CPU.ActiveCfg = Release|Any CPU
		{D3CE825D-43F7-42FF-B67A-690C3FA1D65B}.Release|Any CPU.Build.0 = Release|Any CPU
		{31239E28-3874-4855-84D5-4A59513218FA}.Debug|Any CPU.ActiveCfg = Debug|Any CPU
		{31239E28-3874-4855-84D5-4A59513218FA}.Debug|Any CPU.Build.0 = Debug|Any CPU
		{31239E28-3874-4855-84D5-4A59513218FA}.Release|Any CPU.ActiveCfg = Release|Any CPU
		{31239E28-3874-4855-84D5-4A59513218FA}.Release|Any CPU.Build.0 = Release|Any CPU
		{6956EA37-77A7-443C-9768-35E63F39205F}.Debug|Any CPU.ActiveCfg = Debug|Any CPU
		{6956EA37-77A7-443C-9768-35E63F39205F}.Debug|Any CPU.Build.0 = Debug|Any CPU
		{6956EA37-77A7-443C-9768-35E63F39205F}.Release|Any CPU.ActiveCfg = Release|Any CPU
		{6956EA37-77A7-443C-9768-35E63F39205F}.Release|Any CPU.Build.0 = Release|Any CPU
	EndGlobalSection
	GlobalSection(SolutionProperties) = preSolution
		HideSolutionNode = FALSE
	EndGlobalSection
	GlobalSection(ExtensibilityGlobals) = postSolution
		SolutionGuid = {7C867DCA-F715-467D-BCDC-081F784000EF}
	EndGlobalSection
EndGlobal
